{
  "version": 4,
  "terraform_version": "1.3.5",
  "serial": 267,
  "lineage": "a0027298-3ad9-9f57-84d1-31fbb99b339e",
  "outputs": {
    "ec2_ansible": {
      "value": [
        "18.118.29.2"
      ],
      "type": [
        "tuple",
        [
          "string"
        ]
      ]
    },
    "ec2_ansible_private": {
      "value": [
        "172.31.45.123"
      ],
      "type": [
        "tuple",
        [
          "string"
        ]
      ]
    },
    "instancias_ec2": {
      "value": [
        "18.219.200.250",
        "3.137.136.24"
      ],
      "type": [
        "tuple",
        [
          "string",
          "string"
        ]
      ]
    },
    "instancias_ec2_private": {
      "value": [
        "172.31.39.112",
        "172.31.47.30"
      ],
      "type": [
        "tuple",
        [
          "string",
          "string"
        ]
      ]
    }
  },
  "resources": [
    {
      "mode": "managed",
      "type": "aws_instance",
      "name": "ec2_ansible",
      "provider": "provider[\"registry.terraform.io/hashicorp/aws\"]",
      "instances": [
        {
          "index_key": 0,
          "schema_version": 1,
          "attributes": {
            "ami": "ami-097a2df4ac947655f",
            "arn": "arn:aws:ec2:us-east-2:405378853534:instance/i-08fe1dbf8d2e3abc9",
            "associate_public_ip_address": true,
            "availability_zone": "us-east-2c",
            "capacity_reservation_specification": [
              {
                "capacity_reservation_preference": "open",
                "capacity_reservation_target": []
              }
            ],
            "cpu_core_count": 1,
            "cpu_threads_per_core": 1,
            "credit_specification": [
              {
                "cpu_credits": "standard"
              }
            ],
            "disable_api_stop": false,
            "disable_api_termination": false,
            "ebs_block_device": [],
            "ebs_optimized": false,
            "enclave_options": [
              {
                "enabled": false
              }
            ],
            "ephemeral_block_device": [],
            "get_password_data": false,
            "hibernation": false,
            "host_id": null,
            "host_resource_group_arn": null,
            "iam_instance_profile": "",
            "id": "i-08fe1dbf8d2e3abc9",
            "instance_initiated_shutdown_behavior": "stop",
            "instance_state": "running",
            "instance_type": "t2.micro",
            "ipv6_address_count": 0,
            "ipv6_addresses": [],
            "key_name": "gui-terraform-aws",
            "launch_template": [],
            "maintenance_options": [
              {
                "auto_recovery": "default"
              }
            ],
            "metadata_options": [
              {
                "http_endpoint": "enabled",
                "http_put_response_hop_limit": 1,
                "http_tokens": "optional",
                "instance_metadata_tags": "disabled"
              }
            ],
            "monitoring": false,
            "network_interface": [],
            "outpost_arn": "",
            "password_data": "",
            "placement_group": "",
            "placement_partition_number": null,
            "primary_network_interface_id": "eni-0117dde1567938f55",
            "private_dns": "ip-172-31-45-123.us-east-2.compute.internal",
            "private_dns_name_options": [
              {
                "enable_resource_name_dns_a_record": false,
                "enable_resource_name_dns_aaaa_record": false,
                "hostname_type": "ip-name"
              }
            ],
            "private_ip": "172.31.45.123",
            "public_dns": "ec2-18-118-29-2.us-east-2.compute.amazonaws.com",
            "public_ip": "18.118.29.2",
            "root_block_device": [
              {
                "delete_on_termination": true,
                "device_name": "/dev/sda1",
                "encrypted": false,
                "iops": 100,
                "kms_key_id": "",
                "tags": {},
                "throughput": 0,
                "volume_id": "vol-0354fc1af7038692e",
                "volume_size": 8,
                "volume_type": "gp2"
              }
            ],
            "secondary_private_ips": [],
            "security_groups": [
              "terraform-20221123224856289700000001",
              "terraform-20221123224856290700000003"
            ],
            "source_dest_check": true,
            "subnet_id": "subnet-04fee30151d0af0e5",
            "tags": {
              "Name": "gui-ec2-ansible-0"
            },
            "tags_all": {
              "Name": "gui-ec2-ansible-0"
            },
            "tenancy": "default",
            "timeouts": null,
            "user_data": "a61ecac6474e5178c3ac7b59c960ef7d817ef66b",
            "user_data_base64": null,
            "user_data_replace_on_change": false,
            "volume_tags": null,
            "vpc_security_group_ids": [
              "sg-033b6a2c278d0cc48",
              "sg-034829b7a4536b978"
            ]
          },
          "sensitive_attributes": [],
          "private": "eyJlMmJmYjczMC1lY2FhLTExZTYtOGY4OC0zNDM2M2JjN2M0YzAiOnsiY3JlYXRlIjo2MDAwMDAwMDAwMDAsImRlbGV0ZSI6MTIwMDAwMDAwMDAwMCwidXBkYXRlIjo2MDAwMDAwMDAwMDB9LCJzY2hlbWFfdmVyc2lvbiI6IjEifQ==",
          "dependencies": [
            "aws_security_group.sg_acesso_ssh_publico",
            "aws_security_group.sg_acesso_web"
          ]
        }
      ]
    },
    {
      "mode": "managed",
      "type": "aws_instance",
      "name": "name_of_resource_tf",
      "provider": "provider[\"registry.terraform.io/hashicorp/aws\"]",
      "instances": [
        {
          "index_key": 0,
          "schema_version": 1,
          "attributes": {
            "ami": "ami-097a2df4ac947655f",
            "arn": "arn:aws:ec2:us-east-2:405378853534:instance/i-006278c23e9d475b2",
            "associate_public_ip_address": true,
            "availability_zone": "us-east-2c",
            "capacity_reservation_specification": [
              {
                "capacity_reservation_preference": "open",
                "capacity_reservation_target": []
              }
            ],
            "cpu_core_count": 1,
            "cpu_threads_per_core": 1,
            "credit_specification": [
              {
                "cpu_credits": "standard"
              }
            ],
            "disable_api_stop": false,
            "disable_api_termination": false,
            "ebs_block_device": [],
            "ebs_optimized": false,
            "enclave_options": [
              {
                "enabled": false
              }
            ],
            "ephemeral_block_device": [],
            "get_password_data": false,
            "hibernation": false,
            "host_id": null,
            "host_resource_group_arn": null,
            "iam_instance_profile": "",
            "id": "i-006278c23e9d475b2",
            "instance_initiated_shutdown_behavior": "stop",
            "instance_state": "running",
            "instance_type": "t2.micro",
            "ipv6_address_count": 0,
            "ipv6_addresses": [],
            "key_name": "gui-terraform-aws",
            "launch_template": [],
            "maintenance_options": [
              {
                "auto_recovery": "default"
              }
            ],
            "metadata_options": [
              {
                "http_endpoint": "enabled",
                "http_put_response_hop_limit": 1,
                "http_tokens": "optional",
                "instance_metadata_tags": "disabled"
              }
            ],
            "monitoring": false,
            "network_interface": [],
            "outpost_arn": "",
            "password_data": "",
            "placement_group": "",
            "placement_partition_number": null,
            "primary_network_interface_id": "eni-049892fc233088d21",
            "private_dns": "ip-172-31-39-112.us-east-2.compute.internal",
            "private_dns_name_options": [
              {
                "enable_resource_name_dns_a_record": false,
                "enable_resource_name_dns_aaaa_record": false,
                "hostname_type": "ip-name"
              }
            ],
            "private_ip": "172.31.39.112",
            "public_dns": "ec2-18-219-200-250.us-east-2.compute.amazonaws.com",
            "public_ip": "18.219.200.250",
            "root_block_device": [
              {
                "delete_on_termination": true,
                "device_name": "/dev/sda1",
                "encrypted": false,
                "iops": 100,
                "kms_key_id": "",
                "tags": {},
                "throughput": 0,
                "volume_id": "vol-0e0a110d4f9d98616",
                "volume_size": 8,
                "volume_type": "gp2"
              }
            ],
            "secondary_private_ips": [],
            "security_groups": [
              "terraform-20221123224856289700000001",
              "terraform-20221123224856290100000002",
              "terraform-20221123224856290700000003"
            ],
            "source_dest_check": true,
            "subnet_id": "subnet-04fee30151d0af0e5",
            "tags": {
              "Name": "gui-ec2-0"
            },
            "tags_all": {
              "Name": "gui-ec2-0"
            },
            "tenancy": "default",
            "timeouts": null,
            "user_data": null,
            "user_data_base64": null,
            "user_data_replace_on_change": false,
            "volume_tags": null,
            "vpc_security_group_ids": [
              "sg-033b6a2c278d0cc48",
              "sg-034829b7a4536b978",
              "sg-0b8bdd734e4d124e2"
            ]
          },
          "sensitive_attributes": [],
          "private": "eyJlMmJmYjczMC1lY2FhLTExZTYtOGY4OC0zNDM2M2JjN2M0YzAiOnsiY3JlYXRlIjo2MDAwMDAwMDAwMDAsImRlbGV0ZSI6MTIwMDAwMDAwMDAwMCwidXBkYXRlIjo2MDAwMDAwMDAwMDB9LCJzY2hlbWFfdmVyc2lvbiI6IjEifQ==",
          "dependencies": [
            "aws_security_group.sg_acesso_nginx",
            "aws_security_group.sg_acesso_ssh_publico",
            "aws_security_group.sg_acesso_web"
          ]
        },
        {
          "index_key": 1,
          "schema_version": 1,
          "attributes": {
            "ami": "ami-097a2df4ac947655f",
            "arn": "arn:aws:ec2:us-east-2:405378853534:instance/i-0022ed04715e4edb9",
            "associate_public_ip_address": true,
            "availability_zone": "us-east-2c",
            "capacity_reservation_specification": [
              {
                "capacity_reservation_preference": "open",
                "capacity_reservation_target": []
              }
            ],
            "cpu_core_count": 1,
            "cpu_threads_per_core": 1,
            "credit_specification": [
              {
                "cpu_credits": "standard"
              }
            ],
            "disable_api_stop": false,
            "disable_api_termination": false,
            "ebs_block_device": [],
            "ebs_optimized": false,
            "enclave_options": [
              {
                "enabled": false
              }
            ],
            "ephemeral_block_device": [],
            "get_password_data": false,
            "hibernation": false,
            "host_id": null,
            "host_resource_group_arn": null,
            "iam_instance_profile": "",
            "id": "i-0022ed04715e4edb9",
            "instance_initiated_shutdown_behavior": "stop",
            "instance_state": "running",
            "instance_type": "t2.micro",
            "ipv6_address_count": 0,
            "ipv6_addresses": [],
            "key_name": "gui-terraform-aws",
            "launch_template": [],
            "maintenance_options": [
              {
                "auto_recovery": "default"
              }
            ],
            "metadata_options": [
              {
                "http_endpoint": "enabled",
                "http_put_response_hop_limit": 1,
                "http_tokens": "optional",
                "instance_metadata_tags": "disabled"
              }
            ],
            "monitoring": false,
            "network_interface": [],
            "outpost_arn": "",
            "password_data": "",
            "placement_group": "",
            "placement_partition_number": null,
            "primary_network_interface_id": "eni-0c2849fd882d583c4",
            "private_dns": "ip-172-31-47-30.us-east-2.compute.internal",
            "private_dns_name_options": [
              {
                "enable_resource_name_dns_a_record": false,
                "enable_resource_name_dns_aaaa_record": false,
                "hostname_type": "ip-name"
              }
            ],
            "private_ip": "172.31.47.30",
            "public_dns": "ec2-3-137-136-24.us-east-2.compute.amazonaws.com",
            "public_ip": "3.137.136.24",
            "root_block_device": [
              {
                "delete_on_termination": true,
                "device_name": "/dev/sda1",
                "encrypted": false,
                "iops": 100,
                "kms_key_id": "",
                "tags": {},
                "throughput": 0,
                "volume_id": "vol-0013c61f3ad3d1097",
                "volume_size": 8,
                "volume_type": "gp2"
              }
            ],
            "secondary_private_ips": [],
            "security_groups": [
              "terraform-20221123224856289700000001",
              "terraform-20221123224856290100000002",
              "terraform-20221123224856290700000003"
            ],
            "source_dest_check": true,
            "subnet_id": "subnet-04fee30151d0af0e5",
            "tags": {
              "Name": "gui-ec2-1"
            },
            "tags_all": {
              "Name": "gui-ec2-1"
            },
            "tenancy": "default",
            "timeouts": null,
            "user_data": null,
            "user_data_base64": null,
            "user_data_replace_on_change": false,
            "volume_tags": null,
            "vpc_security_group_ids": [
              "sg-033b6a2c278d0cc48",
              "sg-034829b7a4536b978",
              "sg-0b8bdd734e4d124e2"
            ]
          },
          "sensitive_attributes": [],
          "private": "eyJlMmJmYjczMC1lY2FhLTExZTYtOGY4OC0zNDM2M2JjN2M0YzAiOnsiY3JlYXRlIjo2MDAwMDAwMDAwMDAsImRlbGV0ZSI6MTIwMDAwMDAwMDAwMCwidXBkYXRlIjo2MDAwMDAwMDAwMDB9LCJzY2hlbWFfdmVyc2lvbiI6IjEifQ==",
          "dependencies": [
            "aws_security_group.sg_acesso_nginx",
            "aws_security_group.sg_acesso_ssh_publico",
            "aws_security_group.sg_acesso_web"
          ]
        }
      ]
    },
    {
      "mode": "managed",
      "type": "aws_key_pair",
      "name": "gui_terraform_key",
      "provider": "provider[\"registry.terraform.io/hashicorp/aws\"]",
      "instances": [
        {
          "schema_version": 1,
          "attributes": {
            "arn": "arn:aws:ec2:us-east-2:405378853534:key-pair/gui-terraform-aws",
            "fingerprint": "49:92:f2:9e:85:e6:69:d8:73:1c:7c:77:e7:51:26:92",
            "id": "gui-terraform-aws",
            "key_name": "gui-terraform-aws",
            "key_name_prefix": "",
            "key_pair_id": "key-043c5d17fe8e18172",
            "key_type": "rsa",
            "public_key": "ssh-rsa AAAAB3NzaC1yc2EAAAADAQABAAABgQCnaKpTNCJAPp/hUNf6cccZDZPanjU+d5Eh4qGuLAmn8suyil8m2VWH0YTwGg4jl+kTd5+Y71wgA+/aR4FKQShXCGGQc9tXD1sdiT/LlzXHTdxNlqs0ItzgR5ukPfzZnc6cHlN3+R+6oW2ksQtqLSegtYB43w5nN93AGVrRK1a4hokoqDLSWrZWdT9466bfIhCctV4RC8KSyLYdYDX5d8OsqGAdseA/jwM6ZmT5Ct+HVzl5i7kRPs2z5U9Rg4nWpilnK+ufzdwjqrlahuAJW9iSANQ9xLDDwa3L5ZUBU69Pyf3g05pCWZXIRVS1ZX7oZ1a0MdI1WPNxiI749A3jYd7UgTRmgc45iKsqdrHhuheo4qa1TFLq6qjzEgOKgd2TRaTo6Mmtf2VpDBSElrm0Fppt0kiwHkP0cWoYAarr2BwhpJ8P1ZF6BMuj4b+riLy4iUb3asnXz8+SiTWfn++414tOE/8lKWH2a8+JiYrqHdeD0ebOXj8YL9vAdGfNMGin76U= guiparpineli@GuiPC",
            "tags": null,
            "tags_all": {}
          },
          "sensitive_attributes": [],
          "private": "eyJzY2hlbWFfdmVyc2lvbiI6IjEifQ=="
        }
      ]
    },
    {
      "mode": "managed",
      "type": "aws_security_group",
      "name": "sg_acesso_nginx",
      "provider": "provider[\"registry.terraform.io/hashicorp/aws\"]",
      "instances": [
        {
          "schema_version": 1,
          "attributes": {
            "arn": "arn:aws:ec2:us-east-2:405378853534:security-group/sg-0b8bdd734e4d124e2",
            "description": "Managed by Terraform",
            "egress": [],
            "id": "sg-0b8bdd734e4d124e2",
            "ingress": [
              {
                "cidr_blocks": [
                  "0.0.0.0/0"
                ],
                "description": "",
                "from_port": 8080,
                "ipv6_cidr_blocks": [],
                "prefix_list_ids": [],
                "protocol": "tcp",
                "security_groups": [],
                "self": false,
                "to_port": 8080
              }
            ],
            "name": "terraform-20221123224856290100000002",
            "name_prefix": "terraform-",
            "owner_id": "405378853534",
            "revoke_rules_on_delete": false,
            "tags": {
              "Name": "gui-sg_acesso_ssh_publico"
            },
            "tags_all": {
              "Name": "gui-sg_acesso_ssh_publico"
            },
            "timeouts": null,
            "vpc_id": "vpc-0b4b5b4b064fbfb80"
          },
          "sensitive_attributes": [],
          "private": "eyJlMmJmYjczMC1lY2FhLTExZTYtOGY4OC0zNDM2M2JjN2M0YzAiOnsiY3JlYXRlIjo2MDAwMDAwMDAwMDAsImRlbGV0ZSI6OTAwMDAwMDAwMDAwfSwic2NoZW1hX3ZlcnNpb24iOiIxIn0="
        }
      ]
    },
    {
      "mode": "managed",
      "type": "aws_security_group",
      "name": "sg_acesso_ssh_publico",
      "provider": "provider[\"registry.terraform.io/hashicorp/aws\"]",
      "instances": [
        {
          "schema_version": 1,
          "attributes": {
            "arn": "arn:aws:ec2:us-east-2:405378853534:security-group/sg-033b6a2c278d0cc48",
            "description": "libera porta ssh para internet",
            "egress": [
              {
                "cidr_blocks": [
                  "0.0.0.0/0"
                ],
                "description": "porta SSH",
                "from_port": 0,
                "ipv6_cidr_blocks": [],
                "prefix_list_ids": [],
                "protocol": "-1",
                "security_groups": [],
                "self": false,
                "to_port": 0
              }
            ],
            "id": "sg-033b6a2c278d0cc48",
            "ingress": [
              {
                "cidr_blocks": [
                  "0.0.0.0/0"
                ],
                "description": "porta SSH",
                "from_port": 22,
                "ipv6_cidr_blocks": [],
                "prefix_list_ids": [],
                "protocol": "tcp",
                "security_groups": [],
                "self": false,
                "to_port": 22
              }
            ],
            "name": "terraform-20221123224856290700000003",
            "name_prefix": "terraform-",
            "owner_id": "405378853534",
            "revoke_rules_on_delete": false,
            "tags": {
              "Name": "gui-sg_acesso_ssh_publico"
            },
            "tags_all": {
              "Name": "gui-sg_acesso_ssh_publico"
            },
            "timeouts": null,
            "vpc_id": "vpc-0b4b5b4b064fbfb80"
          },
          "sensitive_attributes": [],
          "private": "eyJlMmJmYjczMC1lY2FhLTExZTYtOGY4OC0zNDM2M2JjN2M0YzAiOnsiY3JlYXRlIjo2MDAwMDAwMDAwMDAsImRlbGV0ZSI6OTAwMDAwMDAwMDAwfSwic2NoZW1hX3ZlcnNpb24iOiIxIn0="
        }
      ]
    },
    {
      "mode": "managed",
      "type": "aws_security_group",
      "name": "sg_acesso_web",
      "provider": "provider[\"registry.terraform.io/hashicorp/aws\"]",
      "instances": [
        {
          "schema_version": 1,
          "attributes": {
            "arn": "arn:aws:ec2:us-east-2:405378853534:security-group/sg-034829b7a4536b978",
            "description": "Managed by Terraform",
            "egress": [],
            "id": "sg-034829b7a4536b978",
            "ingress": [
              {
                "cidr_blocks": [
                  "0.0.0.0/0"
                ],
                "description": "",
                "from_port": 80,
                "ipv6_cidr_blocks": [],
                "prefix_list_ids": [],
                "protocol": "tcp",
                "security_groups": [],
                "self": false,
                "to_port": 80
              }
            ],
            "name": "terraform-20221123224856289700000001",
            "name_prefix": "terraform-",
            "owner_id": "405378853534",
            "revoke_rules_on_delete": false,
            "tags": {
              "Name": "gui-sg_acesso_ssh_publico"
            },
            "tags_all": {
              "Name": "gui-sg_acesso_ssh_publico"
            },
            "timeouts": null,
            "vpc_id": "vpc-0b4b5b4b064fbfb80"
          },
          "sensitive_attributes": [],
          "private": "eyJlMmJmYjczMC1lY2FhLTExZTYtOGY4OC0zNDM2M2JjN2M0YzAiOnsiY3JlYXRlIjo2MDAwMDAwMDAwMDAsImRlbGV0ZSI6OTAwMDAwMDAwMDAwfSwic2NoZW1hX3ZlcnNpb24iOiIxIn0="
        }
      ]
    }
  ],
  "check_results": null
}
