{
  "version": 4,
  "terraform_version": "1.3.3",
  "serial": 88,
  "lineage": "a0027298-3ad9-9f57-84d1-31fbb99b339e",
  "outputs": {
    "instancias_ec2": {
      "value": [
        "18.222.192.131",
        "3.17.72.254"
      ],
      "type": [
        "tuple",
        [
          "string",
          "string"
        ]
      ]
    },
    "instancias_ec2_private": {
      "value": [
        "172.31.46.244",
        "172.31.33.58"
      ],
      "type": [
        "tuple",
        [
          "string",
          "string"
        ]
      ]
    }
  },
  "resources": [
    {
      "mode": "managed",
      "type": "aws_instance",
      "name": "name_of_resource_tf",
      "provider": "provider[\"registry.terraform.io/hashicorp/aws\"]",
      "instances": [
        {
          "index_key": 0,
          "schema_version": 1,
          "attributes": {
            "ami": "ami-097a2df4ac947655f",
            "arn": "arn:aws:ec2:us-east-2:405378853534:instance/i-0d883ab11321b77c9",
            "associate_public_ip_address": true,
            "availability_zone": "us-east-2c",
            "capacity_reservation_specification": [
              {
                "capacity_reservation_preference": "open",
                "capacity_reservation_target": []
              }
            ],
            "cpu_core_count": 1,
            "cpu_threads_per_core": 1,
            "credit_specification": [
              {
                "cpu_credits": "standard"
              }
            ],
            "disable_api_stop": false,
            "disable_api_termination": false,
            "ebs_block_device": [],
            "ebs_optimized": false,
            "enclave_options": [
              {
                "enabled": false
              }
            ],
            "ephemeral_block_device": [],
            "get_password_data": false,
            "hibernation": false,
            "host_id": null,
            "host_resource_group_arn": null,
            "iam_instance_profile": "",
            "id": "i-0d883ab11321b77c9",
            "instance_initiated_shutdown_behavior": "stop",
            "instance_state": "running",
            "instance_type": "t2.micro",
            "ipv6_address_count": 0,
            "ipv6_addresses": [],
            "key_name": "gui-terraform-aws",
            "launch_template": [],
            "maintenance_options": [
              {
                "auto_recovery": "default"
              }
            ],
            "metadata_options": [
              {
                "http_endpoint": "enabled",
                "http_put_response_hop_limit": 1,
                "http_tokens": "optional",
                "instance_metadata_tags": "disabled"
              }
            ],
            "monitoring": false,
            "network_interface": [],
            "outpost_arn": "",
            "password_data": "",
            "placement_group": "",
            "placement_partition_number": null,
            "primary_network_interface_id": "eni-00ac7b894390ea45a",
            "private_dns": "ip-172-31-46-244.us-east-2.compute.internal",
            "private_dns_name_options": [
              {
                "enable_resource_name_dns_a_record": false,
                "enable_resource_name_dns_aaaa_record": false,
                "hostname_type": "ip-name"
              }
            ],
            "private_ip": "172.31.46.244",
            "public_dns": "ec2-18-222-192-131.us-east-2.compute.amazonaws.com",
            "public_ip": "18.222.192.131",
            "root_block_device": [
              {
                "delete_on_termination": true,
                "device_name": "/dev/sda1",
                "encrypted": false,
                "iops": 100,
                "kms_key_id": "",
                "tags": {},
                "throughput": 0,
                "volume_id": "vol-00e16ae47a47f592d",
                "volume_size": 8,
                "volume_type": "gp2"
              }
            ],
            "secondary_private_ips": [],
            "security_groups": [
              "default"
            ],
            "source_dest_check": true,
            "subnet_id": "subnet-04fee30151d0af0e5",
            "tags": {
              "Name": "gui-ec2-0"
            },
            "tags_all": {
              "Name": "gui-ec2-0"
            },
            "tenancy": "default",
            "timeouts": null,
            "user_data": "6c388750ca81a632f2c2eedfb7b07a40c0e65fff",
            "user_data_base64": null,
            "user_data_replace_on_change": false,
            "volume_tags": null,
            "vpc_security_group_ids": [
              "sg-0ddbb994a4fcb7f64"
            ]
          },
          "sensitive_attributes": [],
          "private": "eyJlMmJmYjczMC1lY2FhLTExZTYtOGY4OC0zNDM2M2JjN2M0YzAiOnsiY3JlYXRlIjo2MDAwMDAwMDAwMDAsImRlbGV0ZSI6MTIwMDAwMDAwMDAwMCwidXBkYXRlIjo2MDAwMDAwMDAwMDB9LCJzY2hlbWFfdmVyc2lvbiI6IjEifQ=="
        },
        {
          "index_key": 1,
          "schema_version": 1,
          "attributes": {
            "ami": "ami-097a2df4ac947655f",
            "arn": "arn:aws:ec2:us-east-2:405378853534:instance/i-00e5699b82a31e73d",
            "associate_public_ip_address": true,
            "availability_zone": "us-east-2c",
            "capacity_reservation_specification": [
              {
                "capacity_reservation_preference": "open",
                "capacity_reservation_target": []
              }
            ],
            "cpu_core_count": 1,
            "cpu_threads_per_core": 1,
            "credit_specification": [
              {
                "cpu_credits": "standard"
              }
            ],
            "disable_api_stop": false,
            "disable_api_termination": false,
            "ebs_block_device": [],
            "ebs_optimized": false,
            "enclave_options": [
              {
                "enabled": false
              }
            ],
            "ephemeral_block_device": [],
            "get_password_data": false,
            "hibernation": false,
            "host_id": null,
            "host_resource_group_arn": null,
            "iam_instance_profile": "",
            "id": "i-00e5699b82a31e73d",
            "instance_initiated_shutdown_behavior": "stop",
            "instance_state": "running",
            "instance_type": "t2.micro",
            "ipv6_address_count": 0,
            "ipv6_addresses": [],
            "key_name": "gui-terraform-aws",
            "launch_template": [],
            "maintenance_options": [
              {
                "auto_recovery": "default"
              }
            ],
            "metadata_options": [
              {
                "http_endpoint": "enabled",
                "http_put_response_hop_limit": 1,
                "http_tokens": "optional",
                "instance_metadata_tags": "disabled"
              }
            ],
            "monitoring": false,
            "network_interface": [],
            "outpost_arn": "",
            "password_data": "",
            "placement_group": "",
            "placement_partition_number": null,
            "primary_network_interface_id": "eni-0ab752c398dc2c0c8",
            "private_dns": "ip-172-31-33-58.us-east-2.compute.internal",
            "private_dns_name_options": [
              {
                "enable_resource_name_dns_a_record": false,
                "enable_resource_name_dns_aaaa_record": false,
                "hostname_type": "ip-name"
              }
            ],
            "private_ip": "172.31.33.58",
            "public_dns": "ec2-3-17-72-254.us-east-2.compute.amazonaws.com",
            "public_ip": "3.17.72.254",
            "root_block_device": [
              {
                "delete_on_termination": true,
                "device_name": "/dev/sda1",
                "encrypted": false,
                "iops": 100,
                "kms_key_id": "",
                "tags": {},
                "throughput": 0,
                "volume_id": "vol-0f7a1c20267b2beb3",
                "volume_size": 8,
                "volume_type": "gp2"
              }
            ],
            "secondary_private_ips": [],
            "security_groups": [
              "default"
            ],
            "source_dest_check": true,
            "subnet_id": "subnet-04fee30151d0af0e5",
            "tags": {
              "Name": "gui-ec2-1"
            },
            "tags_all": {
              "Name": "gui-ec2-1"
            },
            "tenancy": "default",
            "timeouts": null,
            "user_data": "6c388750ca81a632f2c2eedfb7b07a40c0e65fff",
            "user_data_base64": null,
            "user_data_replace_on_change": false,
            "volume_tags": null,
            "vpc_security_group_ids": [
              "sg-0ddbb994a4fcb7f64"
            ]
          },
          "sensitive_attributes": [],
          "private": "eyJlMmJmYjczMC1lY2FhLTExZTYtOGY4OC0zNDM2M2JjN2M0YzAiOnsiY3JlYXRlIjo2MDAwMDAwMDAwMDAsImRlbGV0ZSI6MTIwMDAwMDAwMDAwMCwidXBkYXRlIjo2MDAwMDAwMDAwMDB9LCJzY2hlbWFfdmVyc2lvbiI6IjEifQ=="
        }
      ]
    },
    {
      "mode": "managed",
      "type": "aws_key_pair",
      "name": "gui_terraform_key",
      "provider": "provider[\"registry.terraform.io/hashicorp/aws\"]",
      "instances": [
        {
          "schema_version": 1,
          "attributes": {
            "arn": "arn:aws:ec2:us-east-2:405378853534:key-pair/gui-terraform-aws",
            "fingerprint": "01:f9:f5:eb:e7:76:57:f6:fe:28:4d:4c:cc:7a:cb:52",
            "id": "gui-terraform-aws",
            "key_name": "gui-terraform-aws",
            "key_name_prefix": "",
            "key_pair_id": "key-010208b2b7a6aaf80",
            "key_type": "rsa",
            "public_key": "ssh-rsa AAAAB3NzaC1yc2EAAAADAQABAAABgQCdn8Tx8ERAe6BG5gBKwkuCAC68yFWdEEgQZyMcOSAwLATvhCw2PJUx7lfi9/VwEsRlWJ39SKRqNcvSHNptobfZXMSSnZruS5X6bOM1dPdTIBzycjvoFDfA16+zvqpyhZu7xKCL+ZHef0XYeSBWd00dB7QoVVegjoSqwBJq4R9ZRAX9f1gwn8WYNv9A+LIzLbljNfwRxxafgLFQcKnWWigF7ZB6sFWFxFhWDboaSv0AeW2yVmRQDoHM+m0/yUb5SBr69qLNYkDGmnguB/Q43O112+bmYbqbDHpB48S2/FcFoxSOW51dY3MfuQH1/hweK1uJSeoyqbR4k/PMCVGYg2rOkmuc7fGq9NMrnVqGGsxy51ukaII3FyWp2JBCG9Icxsa4dyTcGvKCgIRRBAyhM2115HbjRtoYmu7/fRD+5jbkC6ZO7GGcafcGMaO9jgUNiZCp+9EgZLB87+VHZ6HO8e8PnHCiejGkRZkk4wX4lXGD/JZOJBAhJTvMfoNoT0/AP9s= guiparpineli@GuiPC",
            "tags": {},
            "tags_all": {}
          },
          "sensitive_attributes": [],
          "private": "eyJzY2hlbWFfdmVyc2lvbiI6IjEifQ=="
        }
      ]
    }
  ],
  "check_results": []
}
