{
  "version": 4,
  "terraform_version": "1.3.3",
  "serial": 199,
  "lineage": "a0027298-3ad9-9f57-84d1-31fbb99b339e",
  "outputs": {
    "ec2_ansible": {
      "value": [
        "172.31.21.35"
      ],
      "type": [
        "tuple",
        [
          "string"
        ]
      ]
    },
    "instancias_ec2": {
      "value": [
        "3.23.115.154",
        "3.129.62.189"
      ],
      "type": [
        "tuple",
        [
          "string",
          "string"
        ]
      ]
    },
    "instancias_ec2_private": {
      "value": [
        "172.31.17.145",
        "172.31.16.13"
      ],
      "type": [
        "tuple",
        [
          "string",
          "string"
        ]
      ]
    }
  },
  "resources": [
    {
      "mode": "managed",
      "type": "aws_instance",
      "name": "ec2_ansible",
      "provider": "provider[\"registry.terraform.io/hashicorp/aws\"]",
      "instances": [
        {
          "index_key": 0,
          "schema_version": 1,
          "attributes": {
            "ami": "ami-097a2df4ac947655f",
            "arn": "arn:aws:ec2:us-east-2:405378853534:instance/i-0788c01cf2aed8cc5",
            "associate_public_ip_address": true,
            "availability_zone": "us-east-2b",
            "capacity_reservation_specification": [
              {
                "capacity_reservation_preference": "open",
                "capacity_reservation_target": []
              }
            ],
            "cpu_core_count": 1,
            "cpu_threads_per_core": 1,
            "credit_specification": [
              {
                "cpu_credits": "standard"
              }
            ],
            "disable_api_stop": false,
            "disable_api_termination": false,
            "ebs_block_device": [],
            "ebs_optimized": false,
            "enclave_options": [
              {
                "enabled": false
              }
            ],
            "ephemeral_block_device": [],
            "get_password_data": false,
            "hibernation": false,
            "host_id": null,
            "host_resource_group_arn": null,
            "iam_instance_profile": "",
            "id": "i-0788c01cf2aed8cc5",
            "instance_initiated_shutdown_behavior": "stop",
            "instance_state": "running",
            "instance_type": "t2.micro",
            "ipv6_address_count": 0,
            "ipv6_addresses": [],
            "key_name": "gui-terraform-aws",
            "launch_template": [],
            "maintenance_options": [
              {
                "auto_recovery": "default"
              }
            ],
            "metadata_options": [
              {
                "http_endpoint": "enabled",
                "http_put_response_hop_limit": 1,
                "http_tokens": "optional",
                "instance_metadata_tags": "disabled"
              }
            ],
            "monitoring": false,
            "network_interface": [],
            "outpost_arn": "",
            "password_data": "",
            "placement_group": "",
            "placement_partition_number": null,
            "primary_network_interface_id": "eni-0125306f42b2f4b89",
            "private_dns": "ip-172-31-21-35.us-east-2.compute.internal",
            "private_dns_name_options": [
              {
                "enable_resource_name_dns_a_record": false,
                "enable_resource_name_dns_aaaa_record": false,
                "hostname_type": "ip-name"
              }
            ],
            "private_ip": "172.31.21.35",
            "public_dns": "ec2-13-58-83-150.us-east-2.compute.amazonaws.com",
            "public_ip": "13.58.83.150",
            "root_block_device": [
              {
                "delete_on_termination": true,
                "device_name": "/dev/sda1",
                "encrypted": false,
                "iops": 100,
                "kms_key_id": "",
                "tags": {},
                "throughput": 0,
                "volume_id": "vol-074671d901d294ba6",
                "volume_size": 8,
                "volume_type": "gp2"
              }
            ],
            "secondary_private_ips": [],
            "security_groups": [
              "terraform-20221031230630523400000001",
              "terraform-20221031230630524100000002"
            ],
            "source_dest_check": true,
            "subnet_id": "subnet-0e0d2e833b7d291e9",
            "tags": {
              "Name": "gui-ec2-ansible-0"
            },
            "tags_all": {
              "Name": "gui-ec2-ansible-0"
            },
            "tenancy": "default",
            "timeouts": null,
            "user_data": "840185ab584b52764dc56625c8d536a9eea0e51c",
            "user_data_base64": null,
            "user_data_replace_on_change": false,
            "volume_tags": null,
            "vpc_security_group_ids": [
              "sg-016c6b59fd43ab8f4",
              "sg-05c73910c03515bfb"
            ]
          },
          "sensitive_attributes": [],
          "private": "eyJlMmJmYjczMC1lY2FhLTExZTYtOGY4OC0zNDM2M2JjN2M0YzAiOnsiY3JlYXRlIjo2MDAwMDAwMDAwMDAsImRlbGV0ZSI6MTIwMDAwMDAwMDAwMCwidXBkYXRlIjo2MDAwMDAwMDAwMDB9LCJzY2hlbWFfdmVyc2lvbiI6IjEifQ==",
          "dependencies": [
            "aws_security_group.sg_acesso_ssh_publico",
            "aws_security_group.sg_acesso_web"
          ]
        }
      ]
    },
    {
      "mode": "managed",
      "type": "aws_instance",
      "name": "name_of_resource_tf",
      "provider": "provider[\"registry.terraform.io/hashicorp/aws\"]",
      "instances": [
        {
          "index_key": 0,
          "schema_version": 1,
          "attributes": {
            "ami": "ami-097a2df4ac947655f",
            "arn": "arn:aws:ec2:us-east-2:405378853534:instance/i-04e65c96a82850792",
            "associate_public_ip_address": true,
            "availability_zone": "us-east-2b",
            "capacity_reservation_specification": [
              {
                "capacity_reservation_preference": "open",
                "capacity_reservation_target": []
              }
            ],
            "cpu_core_count": 1,
            "cpu_threads_per_core": 1,
            "credit_specification": [
              {
                "cpu_credits": "standard"
              }
            ],
            "disable_api_stop": false,
            "disable_api_termination": false,
            "ebs_block_device": [],
            "ebs_optimized": false,
            "enclave_options": [
              {
                "enabled": false
              }
            ],
            "ephemeral_block_device": [],
            "get_password_data": false,
            "hibernation": false,
            "host_id": null,
            "host_resource_group_arn": null,
            "iam_instance_profile": "",
            "id": "i-04e65c96a82850792",
            "instance_initiated_shutdown_behavior": "stop",
            "instance_state": "running",
            "instance_type": "t2.micro",
            "ipv6_address_count": 0,
            "ipv6_addresses": [],
            "key_name": "gui-terraform-aws",
            "launch_template": [],
            "maintenance_options": [
              {
                "auto_recovery": "default"
              }
            ],
            "metadata_options": [
              {
                "http_endpoint": "enabled",
                "http_put_response_hop_limit": 1,
                "http_tokens": "optional",
                "instance_metadata_tags": "disabled"
              }
            ],
            "monitoring": false,
            "network_interface": [],
            "outpost_arn": "",
            "password_data": "",
            "placement_group": "",
            "placement_partition_number": null,
            "primary_network_interface_id": "eni-01c8c5f3a6a1f9c8e",
            "private_dns": "ip-172-31-17-145.us-east-2.compute.internal",
            "private_dns_name_options": [
              {
                "enable_resource_name_dns_a_record": false,
                "enable_resource_name_dns_aaaa_record": false,
                "hostname_type": "ip-name"
              }
            ],
            "private_ip": "172.31.17.145",
            "public_dns": "ec2-3-23-115-154.us-east-2.compute.amazonaws.com",
            "public_ip": "3.23.115.154",
            "root_block_device": [
              {
                "delete_on_termination": true,
                "device_name": "/dev/sda1",
                "encrypted": false,
                "iops": 100,
                "kms_key_id": "",
                "tags": {},
                "throughput": 0,
                "volume_id": "vol-0466ccb3bda016b88",
                "volume_size": 8,
                "volume_type": "gp2"
              }
            ],
            "secondary_private_ips": [],
            "security_groups": [
              "terraform-20221031230630523400000001",
              "terraform-20221031230630524100000002"
            ],
            "source_dest_check": true,
            "subnet_id": "subnet-0e0d2e833b7d291e9",
            "tags": {
              "Name": "gui-ec2-0"
            },
            "tags_all": {
              "Name": "gui-ec2-0"
            },
            "tenancy": "default",
            "timeouts": null,
            "user_data": null,
            "user_data_base64": null,
            "user_data_replace_on_change": false,
            "volume_tags": null,
            "vpc_security_group_ids": [
              "sg-016c6b59fd43ab8f4",
              "sg-05c73910c03515bfb"
            ]
          },
          "sensitive_attributes": [],
          "private": "eyJlMmJmYjczMC1lY2FhLTExZTYtOGY4OC0zNDM2M2JjN2M0YzAiOnsiY3JlYXRlIjo2MDAwMDAwMDAwMDAsImRlbGV0ZSI6MTIwMDAwMDAwMDAwMCwidXBkYXRlIjo2MDAwMDAwMDAwMDB9LCJzY2hlbWFfdmVyc2lvbiI6IjEifQ==",
          "dependencies": [
            "aws_security_group.sg_acesso_ssh_publico",
            "aws_security_group.sg_acesso_web"
          ]
        },
        {
          "index_key": 1,
          "schema_version": 1,
          "attributes": {
            "ami": "ami-097a2df4ac947655f",
            "arn": "arn:aws:ec2:us-east-2:405378853534:instance/i-0287609863aa4e500",
            "associate_public_ip_address": true,
            "availability_zone": "us-east-2b",
            "capacity_reservation_specification": [
              {
                "capacity_reservation_preference": "open",
                "capacity_reservation_target": []
              }
            ],
            "cpu_core_count": 1,
            "cpu_threads_per_core": 1,
            "credit_specification": [
              {
                "cpu_credits": "standard"
              }
            ],
            "disable_api_stop": false,
            "disable_api_termination": false,
            "ebs_block_device": [],
            "ebs_optimized": false,
            "enclave_options": [
              {
                "enabled": false
              }
            ],
            "ephemeral_block_device": [],
            "get_password_data": false,
            "hibernation": false,
            "host_id": null,
            "host_resource_group_arn": null,
            "iam_instance_profile": "",
            "id": "i-0287609863aa4e500",
            "instance_initiated_shutdown_behavior": "stop",
            "instance_state": "running",
            "instance_type": "t2.micro",
            "ipv6_address_count": 0,
            "ipv6_addresses": [],
            "key_name": "gui-terraform-aws",
            "launch_template": [],
            "maintenance_options": [
              {
                "auto_recovery": "default"
              }
            ],
            "metadata_options": [
              {
                "http_endpoint": "enabled",
                "http_put_response_hop_limit": 1,
                "http_tokens": "optional",
                "instance_metadata_tags": "disabled"
              }
            ],
            "monitoring": false,
            "network_interface": [],
            "outpost_arn": "",
            "password_data": "",
            "placement_group": "",
            "placement_partition_number": null,
            "primary_network_interface_id": "eni-0da0d7b3bcdf6742b",
            "private_dns": "ip-172-31-16-13.us-east-2.compute.internal",
            "private_dns_name_options": [
              {
                "enable_resource_name_dns_a_record": false,
                "enable_resource_name_dns_aaaa_record": false,
                "hostname_type": "ip-name"
              }
            ],
            "private_ip": "172.31.16.13",
            "public_dns": "ec2-3-129-62-189.us-east-2.compute.amazonaws.com",
            "public_ip": "3.129.62.189",
            "root_block_device": [
              {
                "delete_on_termination": true,
                "device_name": "/dev/sda1",
                "encrypted": false,
                "iops": 100,
                "kms_key_id": "",
                "tags": {},
                "throughput": 0,
                "volume_id": "vol-0ffc9537133d0cb33",
                "volume_size": 8,
                "volume_type": "gp2"
              }
            ],
            "secondary_private_ips": [],
            "security_groups": [
              "terraform-20221031230630523400000001",
              "terraform-20221031230630524100000002"
            ],
            "source_dest_check": true,
            "subnet_id": "subnet-0e0d2e833b7d291e9",
            "tags": {
              "Name": "gui-ec2-1"
            },
            "tags_all": {
              "Name": "gui-ec2-1"
            },
            "tenancy": "default",
            "timeouts": null,
            "user_data": null,
            "user_data_base64": null,
            "user_data_replace_on_change": false,
            "volume_tags": null,
            "vpc_security_group_ids": [
              "sg-016c6b59fd43ab8f4",
              "sg-05c73910c03515bfb"
            ]
          },
          "sensitive_attributes": [],
          "private": "eyJlMmJmYjczMC1lY2FhLTExZTYtOGY4OC0zNDM2M2JjN2M0YzAiOnsiY3JlYXRlIjo2MDAwMDAwMDAwMDAsImRlbGV0ZSI6MTIwMDAwMDAwMDAwMCwidXBkYXRlIjo2MDAwMDAwMDAwMDB9LCJzY2hlbWFfdmVyc2lvbiI6IjEifQ==",
          "dependencies": [
            "aws_security_group.sg_acesso_ssh_publico",
            "aws_security_group.sg_acesso_web"
          ]
        }
      ]
    },
    {
      "mode": "managed",
      "type": "aws_key_pair",
      "name": "gui_terraform_key",
      "provider": "provider[\"registry.terraform.io/hashicorp/aws\"]",
      "instances": [
        {
          "schema_version": 1,
          "attributes": {
            "arn": "arn:aws:ec2:us-east-2:405378853534:key-pair/gui-terraform-aws",
            "fingerprint": "2f:a2:0d:dc:39:2f:dc:29:f2:02:d9:af:19:c6:81:7f",
            "id": "gui-terraform-aws",
            "key_name": "gui-terraform-aws",
            "key_name_prefix": "",
            "key_pair_id": "key-09fa506052aeac173",
            "key_type": "rsa",
            "public_key": "ssh-rsa AAAAB3NzaC1yc2EAAAADAQABAAABgQC4YIQ3qPPrC7f1YWVEU4U4pfC+I8jTQKmr/ZFCNpkvM3LiXucMcvnOWPBBLvHP5O4gLAkcTJahYZ9dxzxeGgh1eJks1CgmWKFkqtnemmQS//KQYZ0WS+Gk3J4D1v3659yqViR6Vj7BzQ2nRfZN7zr8irGUS2W4n1CVbbn++MIuwadPWKVQZ8DcBQ7U0KV8mJlMsA6kVZnC3vdUrDtSWbmp68ZyyGsNtBsCS1BGAvDSgB1WUkZ5VUxpRBdapqDo6CApZCnrtkGMiInrIrJVFAxL9BSNUzdZJJ8dwMyaoOc5W7RaN32Hwcr2mpeTIcNRwOCsqCEjgU2+8pXAM505UiBmm16RuYMAeO+8vTm/EuiIv1pSSbAFFHS+ayiu9BeWyR9EUGrjM7YGKVxffHU2w9Sr+fkQiYRpkTLqr3GQ3Jrm8ms/USABoo6AH95sahLSFcLdzFB++mfAWbaw4EwZJ/OPJv1J7t4CnLcTldhMHprmj0GoxynXloQtMSdGWtXM0JM= guiparpineli@GuiPC",
            "tags": {},
            "tags_all": {}
          },
          "sensitive_attributes": [],
          "private": "eyJzY2hlbWFfdmVyc2lvbiI6IjEifQ=="
        }
      ]
    },
    {
      "mode": "managed",
      "type": "aws_security_group",
      "name": "sg_acesso_ssh_publico",
      "provider": "provider[\"registry.terraform.io/hashicorp/aws\"]",
      "instances": [
        {
          "schema_version": 1,
          "attributes": {
            "arn": "arn:aws:ec2:us-east-2:405378853534:security-group/sg-05c73910c03515bfb",
            "description": "libera porta ssh para internet",
            "egress": [
              {
                "cidr_blocks": [
                  "0.0.0.0/0"
                ],
                "description": "porta SSH",
                "from_port": 0,
                "ipv6_cidr_blocks": [],
                "prefix_list_ids": [],
                "protocol": "-1",
                "security_groups": [],
                "self": false,
                "to_port": 0
              }
            ],
            "id": "sg-05c73910c03515bfb",
            "ingress": [
              {
                "cidr_blocks": [
                  "0.0.0.0/0"
                ],
                "description": "porta SSH",
                "from_port": 22,
                "ipv6_cidr_blocks": [],
                "prefix_list_ids": [],
                "protocol": "tcp",
                "security_groups": [],
                "self": false,
                "to_port": 22
              }
            ],
            "name": "terraform-20221031230630524100000002",
            "name_prefix": "terraform-",
            "owner_id": "405378853534",
            "revoke_rules_on_delete": false,
            "tags": {
              "Name": "gui-sg_acesso_ssh_publico"
            },
            "tags_all": {
              "Name": "gui-sg_acesso_ssh_publico"
            },
            "timeouts": null,
            "vpc_id": "vpc-0b4b5b4b064fbfb80"
          },
          "sensitive_attributes": [],
          "private": "eyJlMmJmYjczMC1lY2FhLTExZTYtOGY4OC0zNDM2M2JjN2M0YzAiOnsiY3JlYXRlIjo2MDAwMDAwMDAwMDAsImRlbGV0ZSI6OTAwMDAwMDAwMDAwfSwic2NoZW1hX3ZlcnNpb24iOiIxIn0="
        }
      ]
    },
    {
      "mode": "managed",
      "type": "aws_security_group",
      "name": "sg_acesso_web",
      "provider": "provider[\"registry.terraform.io/hashicorp/aws\"]",
      "instances": [
        {
          "schema_version": 1,
          "attributes": {
            "arn": "arn:aws:ec2:us-east-2:405378853534:security-group/sg-016c6b59fd43ab8f4",
            "description": "Managed by Terraform",
            "egress": [],
            "id": "sg-016c6b59fd43ab8f4",
            "ingress": [
              {
                "cidr_blocks": [
                  "0.0.0.0/0"
                ],
                "description": "",
                "from_port": 80,
                "ipv6_cidr_blocks": [],
                "prefix_list_ids": [],
                "protocol": "tcp",
                "security_groups": [],
                "self": false,
                "to_port": 80
              }
            ],
            "name": "terraform-20221031230630523400000001",
            "name_prefix": "terraform-",
            "owner_id": "405378853534",
            "revoke_rules_on_delete": false,
            "tags": {
              "Name": "gui-sg_acesso_ssh_publico"
            },
            "tags_all": {
              "Name": "gui-sg_acesso_ssh_publico"
            },
            "timeouts": null,
            "vpc_id": "vpc-0b4b5b4b064fbfb80"
          },
          "sensitive_attributes": [],
          "private": "eyJlMmJmYjczMC1lY2FhLTExZTYtOGY4OC0zNDM2M2JjN2M0YzAiOnsiY3JlYXRlIjo2MDAwMDAwMDAwMDAsImRlbGV0ZSI6OTAwMDAwMDAwMDAwfSwic2NoZW1hX3ZlcnNpb24iOiIxIn0="
        }
      ]
    }
  ],
  "check_results": []
}
